
Microsoft Visual Studio Solution File, Format Version 12.00
# Visual Studio 15
VisualStudioVersion = 15.0.27428.2011
MinimumVisualStudioVersion = 10.0.40219.1
Project("{FAE04EC0-301F-11D3-BF4B-00C04F79EFBC}") = "Umbraco.CustomErrors", "Umbraco.CustomErrors\Umbraco.CustomErrors.csproj", "{982086C8-10CA-41A0-BC24-F164094E93DD}"
EndProject
Global
	GlobalSection(SolutionConfigurationPlatforms) = preSolution
		Debug|Any CPU = Debug|Any CPU
		Release|Any CPU = Release|Any CPU
	EndGlobalSection
	GlobalSection(ProjectConfigurationPlatforms) = postSolution
		{982086C8-10CA-41A0-BC24-F164094E93DD}.Debug|Any CPU.ActiveCfg = Debug|Any CPU
		{982086C8-10CA-41A0-BC24-F164094E93DD}.Debug|Any CPU.Build.0 = Debug|Any CPU
		{982086C8-10CA-41A0-BC24-F164094E93DD}.Release|Any CPU.ActiveCfg = Release|Any CPU
		{982086C8-10CA-41A0-BC24-F164094E93DD}.Release|Any CPU.Build.0 = Release|Any CPU
	EndGlobalSection
	GlobalSection(SolutionProperties) = preSolution
		HideSolutionNode = FALSE
	EndGlobalSection
	GlobalSection(ExtensibilityGlobals) = postSolution
		SolutionGuid = {E3F29112-69D8-4EBB-A982-24DC1456F4CA}
	EndGlobalSection
EndGlobal
